
Microsoft Visual Studio Solution File, Format Version 12.00
# Visual Studio Version 16
VisualStudioVersion = 16.0.29230.47
MinimumVisualStudioVersion = 10.0.40219.1
Project("{FAE04EC0-301F-11D3-BF4B-00C04F79EFBC}") = "lab17_1", "lab17_1\lab17_1.csproj", "{16D909A2-FC17-4939-83A4-3E9E739EBE32}"
EndProject
Project("{FAE04EC0-301F-11D3-BF4B-00C04F79EFBC}") = "lab17_2", "lab17_2\lab17_2.csproj", "{0E748A29-E2CC-48A2-9798-2AC130679F28}"
EndProject
Project("{FAE04EC0-301F-11D3-BF4B-00C04F79EFBC}") = "lab17_3", "lab17_3\lab17_3.csproj", "{A2688A01-0BB5-4BA2-8969-54EF9CD84EA7}"
EndProject
Project("{FAE04EC0-301F-11D3-BF4B-00C04F79EFBC}") = "lab17_4", "lab17_4\lab17_4.csproj", "{A172AD98-188D-4DAD-A060-5A2824DBB51C}"
EndProject
Project("{FAE04EC0-301F-11D3-BF4B-00C04F79EFBC}") = "lab17_5", "lab17_5\lab17_5.csproj", "{262DF276-7AC3-4C52-8253-AFB21A42653E}"
EndProject
Global
	GlobalSection(SolutionConfigurationPlatforms) = preSolution
		Debug|Any CPU = Debug|Any CPU
		Release|Any CPU = Release|Any CPU
	EndGlobalSection
	GlobalSection(ProjectConfigurationPlatforms) = postSolution
		{16D909A2-FC17-4939-83A4-3E9E739EBE32}.Debug|Any CPU.ActiveCfg = Debug|Any CPU
		{16D909A2-FC17-4939-83A4-3E9E739EBE32}.Debug|Any CPU.Build.0 = Debug|Any CPU
		{16D909A2-FC17-4939-83A4-3E9E739EBE32}.Release|Any CPU.ActiveCfg = Release|Any CPU
		{16D909A2-FC17-4939-83A4-3E9E739EBE32}.Release|Any CPU.Build.0 = Release|Any CPU
		{0E748A29-E2CC-48A2-9798-2AC130679F28}.Debug|Any CPU.ActiveCfg = Debug|Any CPU
		{0E748A29-E2CC-48A2-9798-2AC130679F28}.Debug|Any CPU.Build.0 = Debug|Any CPU
		{0E748A29-E2CC-48A2-9798-2AC130679F28}.Release|Any CPU.ActiveCfg = Release|Any CPU
		{0E748A29-E2CC-48A2-9798-2AC130679F28}.Release|Any CPU.Build.0 = Release|Any CPU
		{A2688A01-0BB5-4BA2-8969-54EF9CD84EA7}.Debug|Any CPU.ActiveCfg = Debug|Any CPU
		{A2688A01-0BB5-4BA2-8969-54EF9CD84EA7}.Debug|Any CPU.Build.0 = Debug|Any CPU
		{A2688A01-0BB5-4BA2-8969-54EF9CD84EA7}.Release|Any CPU.ActiveCfg = Release|Any CPU
		{A2688A01-0BB5-4BA2-8969-54EF9CD84EA7}.Release|Any CPU.Build.0 = Release|Any CPU
		{A172AD98-188D-4DAD-A060-5A2824DBB51C}.Debug|Any CPU.ActiveCfg = Debug|Any CPU
		{A172AD98-188D-4DAD-A060-5A2824DBB51C}.Debug|Any CPU.Build.0 = Debug|Any CPU
		{A172AD98-188D-4DAD-A060-5A2824DBB51C}.Release|Any CPU.ActiveCfg = Release|Any CPU
		{A172AD98-188D-4DAD-A060-5A2824DBB51C}.Release|Any CPU.Build.0 = Release|Any CPU
		{262DF276-7AC3-4C52-8253-AFB21A42653E}.Debug|Any CPU.ActiveCfg = Debug|Any CPU
		{262DF276-7AC3-4C52-8253-AFB21A42653E}.Debug|Any CPU.Build.0 = Debug|Any CPU
		{262DF276-7AC3-4C52-8253-AFB21A42653E}.Release|Any CPU.ActiveCfg = Release|Any CPU
		{262DF276-7AC3-4C52-8253-AFB21A42653E}.Release|Any CPU.Build.0 = Release|Any CPU
	EndGlobalSection
	GlobalSection(SolutionProperties) = preSolution
		HideSolutionNode = FALSE
	EndGlobalSection
	GlobalSection(ExtensibilityGlobals) = postSolution
		SolutionGuid = {B6D22380-E2AA-4AA9-8E0B-FADD82E7305C}
	EndGlobalSection
EndGlobal
